// !$*UTF8*$!
{
	archiveVersion = 1;
	classes = {
	};
	objectVersion = 48;
	objects = {

/* Begin PBXBuildFile section */
		297DB33F2003838000A4EBB9 /* ChieryBusiness1.m in Sources */ = {isa = PBXBuildFile; fileRef = 297DB33E2003838000A4EBB9 /* ChieryBusiness1.m */; };
		297DB3402003838000A4EBB9 /* ChieryBusiness1.h in Copy Files (2 items) */ = {isa = PBXBuildFile; fileRef = 297DB33D2003838000A4EBB9 /* ChieryBusiness1.h */; };
		297DB3622003880F00A4EBB9 /* Business1JumpHandle.m in Sources */ = {isa = PBXBuildFile; fileRef = 297DB3612003880F00A4EBB9 /* Business1JumpHandle.m */; };
		297DB3822003AF2300A4EBB9 /* Business1JumpHandle.h in Copy Files (2 items) */ = {isa = PBXBuildFile; fileRef = 297DB3602003880F00A4EBB9 /* Business1JumpHandle.h */; };
		297DB3CA200470C500A4EBB9 /* LaunchScreen.storyboard in Resources */ = {isa = PBXBuildFile; fileRef = 297DB3C8200470C500A4EBB9 /* LaunchScreen.storyboard */; };
		297DB3CD200470C500A4EBB9 /* main.m in Sources */ = {isa = PBXBuildFile; fileRef = 297DB3CC200470C500A4EBB9 /* main.m */; };
		D23F313B4FB5693ADC29826D /* libPods-ChieryBusiness1.a in Frameworks */ = {isa = PBXBuildFile; fileRef = 544D4A3019915E160BF3F83D /* libPods-ChieryBusiness1.a */; };
/* End PBXBuildFile section */

/* Begin PBXCopyFilesBuildPhase section */
		297DB3382003838000A4EBB9 /* Copy Files (2 items) */ = {
			isa = PBXCopyFilesBuildPhase;
			buildActionMask = 2147483647;
			dstPath = "include/$(PRODUCT_NAME)";
			dstSubfolderSpec = 16;
			files = (
				297DB3822003AF2300A4EBB9 /* Business1JumpHandle.h in Copy Files (2 items) */,
				297DB3402003838000A4EBB9 /* ChieryBusiness1.h in Copy Files (2 items) */,
			);
			name = "Copy Files (2 items)";
			runOnlyForDeploymentPostprocessing = 0;
		};
/* End PBXCopyFilesBuildPhase section */

/* Begin PBXFileReference section */
		1FD4E26E6749D1084A3E8DD3 /* Pods-ChieryBusiness1.debug.xcconfig */ = {isa = PBXFileReference; includeInIndex = 1; lastKnownFileType = text.xcconfig; name = "Pods-ChieryBusiness1.debug.xcconfig"; path = "Pods/Target Support Files/Pods-ChieryBusiness1/Pods-ChieryBusiness1.debug.xcconfig"; sourceTree = "<group>"; };
		297DB33A2003838000A4EBB9 /* libChieryBusiness1.a */ = {isa = PBXFileReference; explicitFileType = archive.ar; includeInIndex = 0; path = libChieryBusiness1.a; sourceTree = BUILT_PRODUCTS_DIR; };
		297DB33D2003838000A4EBB9 /* ChieryBusiness1.h */ = {isa = PBXFileReference; lastKnownFileType = sourcecode.c.h; path = ChieryBusiness1.h; sourceTree = "<group>"; };
		297DB33E2003838000A4EBB9 /* ChieryBusiness1.m */ = {isa = PBXFileReference; lastKnownFileType = sourcecode.c.objc; path = ChieryBusiness1.m; sourceTree = "<group>"; };
		297DB3602003880F00A4EBB9 /* Business1JumpHandle.h */ = {isa = PBXFileReference; lastKnownFileType = sourcecode.c.h; path = Business1JumpHandle.h; sourceTree = "<group>"; };
		297DB3612003880F00A4EBB9 /* Business1JumpHandle.m */ = {isa = PBXFileReference; lastKnownFileType = sourcecode.c.objc; path = Business1JumpHandle.m; sourceTree = "<group>"; };
		297DB3BB200470C500A4EBB9 /* ChieryBusiness1App.app */ = {isa = PBXFileReference; explicitFileType = wrapper.application; includeInIndex = 0; path = ChieryBusiness1App.app; sourceTree = BUILT_PRODUCTS_DIR; };
		297DB3C9200470C500A4EBB9 /* Base */ = {isa = PBXFileReference; lastKnownFileType = file.storyboard; name = Base; path = Base.lproj/LaunchScreen.storyboard; sourceTree = "<group>"; };
		297DB3CB200470C500A4EBB9 /* Info.plist */ = {isa = PBXFileReference; lastKnownFileType = text.plist.xml; path = Info.plist; sourceTree = "<group>"; };
		297DB3CC200470C500A4EBB9 /* main.m */ = {isa = PBXFileReference; lastKnownFileType = sourcecode.c.objc; path = main.m; sourceTree = "<group>"; };
		3CC772617A051FA9EB92BB6D /* Pods-ChieryBusiness1App.release.xcconfig */ = {isa = PBXFileReference; includeInIndex = 1; lastKnownFileType = text.xcconfig; name = "Pods-ChieryBusiness1App.release.xcconfig"; path = "Pods/Target Support Files/Pods-ChieryBusiness1App/Pods-ChieryBusiness1App.release.xcconfig"; sourceTree = "<group>"; };
		544D4A3019915E160BF3F83D /* libPods-ChieryBusiness1.a */ = {isa = PBXFileReference; explicitFileType = archive.ar; includeInIndex = 0; path = "libPods-ChieryBusiness1.a"; sourceTree = BUILT_PRODUCTS_DIR; };
		927CE17048997C77E63EEE56 /* Pods-ChieryBusiness1.release.xcconfig */ = {isa = PBXFileReference; includeInIndex = 1; lastKnownFileType = text.xcconfig; name = "Pods-ChieryBusiness1.release.xcconfig"; path = "Pods/Target Support Files/Pods-ChieryBusiness1/Pods-ChieryBusiness1.release.xcconfig"; sourceTree = "<group>"; };
		AEE40723756BAB7313975AD8 /* Pods-ChieryBusiness1App.debug.xcconfig */ = {isa = PBXFileReference; includeInIndex = 1; lastKnownFileType = text.xcconfig; name = "Pods-ChieryBusiness1App.debug.xcconfig"; path = "Pods/Target Support Files/Pods-ChieryBusiness1App/Pods-ChieryBusiness1App.debug.xcconfig"; sourceTree = "<group>"; };
/* End PBXFileReference section */

/* Begin PBXFrameworksBuildPhase section */
		297DB3372003838000A4EBB9 /* Frameworks */ = {
			isa = PBXFrameworksBuildPhase;
			buildActionMask = 2147483647;
			files = (
				D23F313B4FB5693ADC29826D /* libPods-ChieryBusiness1.a in Frameworks */,
			);
			runOnlyForDeploymentPostprocessing = 0;
		};
		297DB3B8200470C500A4EBB9 /* Frameworks */ = {
			isa = PBXFrameworksBuildPhase;
			buildActionMask = 2147483647;
			files = (
			);
			runOnlyForDeploymentPostprocessing = 0;
		};
/* End PBXFrameworksBuildPhase section */

/* Begin PBXGroup section */
		297DB3312003838000A4EBB9 = {
			isa = PBXGroup;
			children = (
				297DB33C2003838000A4EBB9 /* ChieryBusiness1 */,
				297DB3BC200470C500A4EBB9 /* ChieryBusiness1App */,
				297DB33B2003838000A4EBB9 /* Products */,
				EFE701B60B0A3405882916EC /* Pods */,
				64D15F1F27AC91661CD9A364 /* Frameworks */,
			);
			sourceTree = "<group>";
		};
		297DB33B2003838000A4EBB9 /* Products */ = {
			isa = PBXGroup;
			children = (
				297DB33A2003838000A4EBB9 /* libChieryBusiness1.a */,
				297DB3BB200470C500A4EBB9 /* ChieryBusiness1App.app */,
			);
			name = Products;
			sourceTree = "<group>";
		};
		297DB33C2003838000A4EBB9 /* ChieryBusiness1 */ = {
			isa = PBXGroup;
			children = (
				297DB33D2003838000A4EBB9 /* ChieryBusiness1.h */,
				297DB33E2003838000A4EBB9 /* ChieryBusiness1.m */,
				297DB3602003880F00A4EBB9 /* Business1JumpHandle.h */,
				297DB3612003880F00A4EBB9 /* Business1JumpHandle.m */,
			);
			path = ChieryBusiness1;
			sourceTree = "<group>";
		};
		297DB3BC200470C500A4EBB9 /* ChieryBusiness1App */ = {
			isa = PBXGroup;
			children = (
				297DB3C8200470C500A4EBB9 /* LaunchScreen.storyboard */,
				297DB3CB200470C500A4EBB9 /* Info.plist */,
				297DB3CC200470C500A4EBB9 /* main.m */,
			);
			path = ChieryBusiness1App;
			sourceTree = "<group>";
		};
		64D15F1F27AC91661CD9A364 /* Frameworks */ = {
			isa = PBXGroup;
			children = (
				544D4A3019915E160BF3F83D /* libPods-ChieryBusiness1.a */,
			);
			name = Frameworks;
			sourceTree = "<group>";
		};
		EFE701B60B0A3405882916EC /* Pods */ = {
			isa = PBXGroup;
			children = (
				1FD4E26E6749D1084A3E8DD3 /* Pods-ChieryBusiness1.debug.xcconfig */,
				927CE17048997C77E63EEE56 /* Pods-ChieryBusiness1.release.xcconfig */,
				AEE40723756BAB7313975AD8 /* Pods-ChieryBusiness1App.debug.xcconfig */,
				3CC772617A051FA9EB92BB6D /* Pods-ChieryBusiness1App.release.xcconfig */,
			);
			name = Pods;
			sourceTree = "<group>";
		};
/* End PBXGroup section */

/* Begin PBXNativeTarget section */
		297DB3392003838000A4EBB9 /* ChieryBusiness1 */ = {
			isa = PBXNativeTarget;
			buildConfigurationList = 297DB3432003838000A4EBB9 /* Build configuration list for PBXNativeTarget "ChieryBusiness1" */;
			buildPhases = (
				4EA6B5FE57D7CF79CA794BBF /* [CP] Check Pods Manifest.lock */,
				297DB3362003838000A4EBB9 /* Sources */,
				297DB3372003838000A4EBB9 /* Frameworks */,
				297DB3382003838000A4EBB9 /* Copy Files (2 items) */,
				E3E451916D718178266907B3 /* [CP] Copy Pods Resources */,
			);
			buildRules = (
			);
			dependencies = (
			);
			name = ChieryBusiness1;
			productName = ChieryBusiness1;
			productReference = 297DB33A2003838000A4EBB9 /* libChieryBusiness1.a */;
			productType = "com.apple.product-type.library.static";
		};
		297DB3BA200470C500A4EBB9 /* ChieryBusiness1App */ = {
			isa = PBXNativeTarget;
			buildConfigurationList = 297DB3CE200470C500A4EBB9 /* Build configuration list for PBXNativeTarget "ChieryBusiness1App" */;
			buildPhases = (
				297DB3B7200470C500A4EBB9 /* Sources */,
				297DB3B8200470C500A4EBB9 /* Frameworks */,
				297DB3B9200470C500A4EBB9 /* Resources */,
			);
			buildRules = (
			);
			dependencies = (
			);
			name = ChieryBusiness1App;
			productName = ChieryBusiness1App;
			productReference = 297DB3BB200470C500A4EBB9 /* ChieryBusiness1App.app */;
			productType = "com.apple.product-type.application";
		};
/* End PBXNativeTarget section */

/* Begin PBXProject section */
		297DB3322003838000A4EBB9 /* Project object */ = {
			isa = PBXProject;
			attributes = {
				LastUpgradeCheck = 0920;
				ORGANIZATIONNAME = com.chiery.com;
				TargetAttributes = {
					297DB3392003838000A4EBB9 = {
						CreatedOnToolsVersion = 9.2;
						ProvisioningStyle = Automatic;
					};
					297DB3BA200470C500A4EBB9 = {
						CreatedOnToolsVersion = 9.2;
						ProvisioningStyle = Automatic;
					};
				};
			};
			buildConfigurationList = 297DB3352003838000A4EBB9 /* Build configuration list for PBXProject "ChieryBusiness1" */;
			compatibilityVersion = "Xcode 8.0";
			developmentRegion = en;
			hasScannedForEncodings = 0;
			knownRegions = (
				en,
				Base,
			);
			mainGroup = 297DB3312003838000A4EBB9;
			productRefGroup = 297DB33B2003838000A4EBB9 /* Products */;
			projectDirPath = "";
			projectRoot = "";
			targets = (
				297DB3392003838000A4EBB9 /* ChieryBusiness1 */,
				297DB3BA200470C500A4EBB9 /* ChieryBusiness1App */,
			);
		};
/* End PBXProject section */

/* Begin PBXResourcesBuildPhase section */
		297DB3B9200470C500A4EBB9 /* Resources */ = {
			isa = PBXResourcesBuildPhase;
			buildActionMask = 2147483647;
			files = (
				297DB3CA200470C500A4EBB9 /* LaunchScreen.storyboard in Resources */,
			);
			runOnlyForDeploymentPostprocessing = 0;
		};
/* End PBXResourcesBuildPhase section */

/* Begin PBXShellScriptBuildPhase section */
		4EA6B5FE57D7CF79CA794BBF /* [CP] Check Pods Manifest.lock */ = {
			isa = PBXShellScriptBuildPhase;
			buildActionMask = 2147483647;
			files = (
			);
			inputPaths = (
				"${PODS_PODFILE_DIR_PATH}/Podfile.lock",
				"${PODS_ROOT}/Manifest.lock",
			);
			name = "[CP] Check Pods Manifest.lock";
			outputPaths = (
				"$(DERIVED_FILE_DIR)/Pods-ChieryBusiness1-checkManifestLockResult.txt",
			);
			runOnlyForDeploymentPostprocessing = 0;
			shellPath = /bin/sh;
			shellScript = "diff \"${PODS_PODFILE_DIR_PATH}/Podfile.lock\" \"${PODS_ROOT}/Manifest.lock\" > /dev/null\nif [ $? != 0 ] ; then\n    # print error to STDERR\n    echo \"error: The sandbox is not in sync with the Podfile.lock. Run 'pod install' or update your CocoaPods installation.\" >&2\n    exit 1\nfi\n# This output is used by Xcode 'outputs' to avoid re-running this script phase.\necho \"SUCCESS\" > \"${SCRIPT_OUTPUT_FILE_0}\"\n";
			showEnvVarsInLog = 0;
		};
		E3E451916D718178266907B3 /* [CP] Copy Pods Resources */ = {
			isa = PBXShellScriptBuildPhase;
			buildActionMask = 2147483647;
			files = (
			);
			inputPaths = (
				"${SRCROOT}/Pods/Target Support Files/Pods-ChieryBusiness1/Pods-ChieryBusiness1-resources.sh",
				"${PODS_ROOT}/ChieryJumpHandle/ChieryJumpHandle/jumpMap.plist",
			);
			name = "[CP] Copy Pods Resources";
			outputPaths = (
				"${TARGET_BUILD_DIR}/${UNLOCALIZED_RESOURCES_FOLDER_PATH}/jumpMap.plist",
			);
			runOnlyForDeploymentPostprocessing = 0;
			shellPath = /bin/sh;
			shellScript = "\"${SRCROOT}/Pods/Target Support Files/Pods-ChieryBusiness1/Pods-ChieryBusiness1-resources.sh\"\n";
			showEnvVarsInLog = 0;
		};
/* End PBXShellScriptBuildPhase section */

/* Begin PBXSourcesBuildPhase section */
		297DB3362003838000A4EBB9 /* Sources */ = {
			isa = PBXSourcesBuildPhase;
			buildActionMask = 2147483647;
			files = (
				297DB33F2003838000A4EBB9 /* ChieryBusiness1.m in Sources */,
				297DB3622003880F00A4EBB9 /* Business1JumpHandle.m in Sources */,
			);
			runOnlyForDeploymentPostprocessing = 0;
		};
		297DB3B7200470C500A4EBB9 /* Sources */ = {
			isa = PBXSourcesBuildPhase;
			buildActionMask = 2147483647;
			files = (
				297DB3CD200470C500A4EBB9 /* main.m in Sources */,
			);
			runOnlyForDeploymentPostprocessing = 0;
		};
/* End PBXSourcesBuildPhase section */

/* Begin PBXVariantGroup section */
		297DB3C8200470C500A4EBB9 /* LaunchScreen.storyboard */ = {
			isa = PBXVariantGroup;
			children = (
				297DB3C9200470C500A4EBB9 /* Base */,
			);
			name = LaunchScreen.storyboard;
			sourceTree = "<group>";
		};
/* End PBXVariantGroup section */

/* Begin XCBuildConfiguration section */
		297DB3412003838000A4EBB9 /* Debug */ = {
			isa = XCBuildConfiguration;
			buildSettings = {
				ALWAYS_SEARCH_USER_PATHS = NO;
				CLANG_ANALYZER_NONNULL = YES;
				CLANG_ANALYZER_NUMBER_OBJECT_CONVERSION = YES_AGGRESSIVE;
				CLANG_CXX_LANGUAGE_STANDARD = "gnu++14";
				CLANG_CXX_LIBRARY = "libc++";
				CLANG_ENABLE_MODULES = YES;
				CLANG_ENABLE_OBJC_ARC = YES;
				CLANG_WARN_BLOCK_CAPTURE_AUTORELEASING = YES;
				CLANG_WARN_BOOL_CONVERSION = YES;
				CLANG_WARN_COMMA = YES;
				CLANG_WARN_CONSTANT_CONVERSION = YES;
				CLANG_WARN_DIRECT_OBJC_ISA_USAGE = YES_ERROR;
				CLANG_WARN_DOCUMENTATION_COMMENTS = YES;
				CLANG_WARN_EMPTY_BODY = YES;
				CLANG_WARN_ENUM_CONVERSION = YES;
				CLANG_WARN_INFINITE_RECURSION = YES;
				CLANG_WARN_INT_CONVERSION = YES;
				CLANG_WARN_NON_LITERAL_NULL_CONVERSION = YES;
				CLANG_WARN_OBJC_LITERAL_CONVERSION = YES;
				CLANG_WARN_OBJC_ROOT_CLASS = YES_ERROR;
				CLANG_WARN_RANGE_LOOP_ANALYSIS = YES;
				CLANG_WARN_STRICT_PROTOTYPES = YES;
				CLANG_WARN_SUSPICIOUS_MOVE = YES;
				CLANG_WARN_UNGUARDED_AVAILABILITY = YES_AGGRESSIVE;
				CLANG_WARN_UNREACHABLE_CODE = YES;
				CLANG_WARN__DUPLICATE_METHOD_MATCH = YES;
				CODE_SIGN_IDENTITY = "iPhone Developer";
				COPY_PHASE_STRIP = NO;
				DEBUG_INFORMATION_FORMAT = dwarf;
				ENABLE_STRICT_OBJC_MSGSEND = YES;
				ENABLE_TESTABILITY = YES;
				GCC_C_LANGUAGE_STANDARD = gnu11;
				GCC_DYNAMIC_NO_PIC = NO;
				GCC_NO_COMMON_BLOCKS = YES;
				GCC_OPTIMIZATION_LEVEL = 0;
				GCC_PREPROCESSOR_DEFINITIONS = (
					"DEBUG=1",
					"$(inherited)",
				);
				GCC_WARN_64_TO_32_BIT_CONVERSION = YES;
				GCC_WARN_ABOUT_RETURN_TYPE = YES_ERROR;
				GCC_WARN_UNDECLARED_SELECTOR = YES;
				GCC_WARN_UNINITIALIZED_AUTOS = YES_AGGRESSIVE;
				GCC_WARN_UNUSED_FUNCTION = YES;
				GCC_WARN_UNUSED_VARIABLE = YES;
				IPHONEOS_DEPLOYMENT_TARGET = 11.2;
				MTL_ENABLE_DEBUG_INFO = YES;
				ONLY_ACTIVE_ARCH = YES;
				SDKROOT = iphoneos;
			};
			name = Debug;
		};
		297DB3422003838000A4EBB9 /* Release */ = {
			isa = XCBuildConfiguration;
			buildSettings = {
				ALWAYS_SEARCH_USER_PATHS = NO;
				CLANG_ANALYZER_NONNULL = YES;
				CLANG_ANALYZER_NUMBER_OBJECT_CONVERSION = YES_AGGRESSIVE;
				CLANG_CXX_LANGUAGE_STANDARD = "gnu++14";
				CLANG_CXX_LIBRARY = "libc++";
				CLANG_ENABLE_MODULES = YES;
				CLANG_ENABLE_OBJC_ARC = YES;
				CLANG_WARN_BLOCK_CAPTURE_AUTORELEASING = YES;
				CLANG_WARN_BOOL_CONVERSION = YES;
				CLANG_WARN_COMMA = YES;
				CLANG_WARN_CONSTANT_CONVERSION = YES;
				CLANG_WARN_DIRECT_OBJC_ISA_USAGE = YES_ERROR;
				CLANG_WARN_DOCUMENTATION_COMMENTS = YES;
				CLANG_WARN_EMPTY_BODY = YES;
				CLANG_WARN_ENUM_CONVERSION = YES;
				CLANG_WARN_INFINITE_RECURSION = YES;
				CLANG_WARN_INT_CONVERSION = YES;
				CLANG_WARN_NON_LITERAL_NULL_CONVERSION = YES;
				CLANG_WARN_OBJC_LITERAL_CONVERSION = YES;
				CLANG_WARN_OBJC_ROOT_CLASS = YES_ERROR;
				CLANG_WARN_RANGE_LOOP_ANALYSIS = YES;
				CLANG_WARN_STRICT_PROTOTYPES = YES;
				CLANG_WARN_SUSPICIOUS_MOVE = YES;
				CLANG_WARN_UNGUARDED_AVAILABILITY = YES_AGGRESSIVE;
				CLANG_WARN_UNREACHABLE_CODE = YES;
				CLANG_WARN__DUPLICATE_METHOD_MATCH = YES;
				CODE_SIGN_IDENTITY = "iPhone Developer";
				COPY_PHASE_STRIP = NO;
				DEBUG_INFORMATION_FORMAT = "dwarf-with-dsym";
				ENABLE_NS_ASSERTIONS = NO;
				ENABLE_STRICT_OBJC_MSGSEND = YES;
				GCC_C_LANGUAGE_STANDARD = gnu11;
				GCC_NO_COMMON_BLOCKS = YES;
				GCC_WARN_64_TO_32_BIT_CONVERSION = YES;
				GCC_WARN_ABOUT_RETURN_TYPE = YES_ERROR;
				GCC_WARN_UNDECLARED_SELECTOR = YES;
				GCC_WARN_UNINITIALIZED_AUTOS = YES_AGGRESSIVE;
				GCC_WARN_UNUSED_FUNCTION = YES;
				GCC_WARN_UNUSED_VARIABLE = YES;
				IPHONEOS_DEPLOYMENT_TARGET = 11.2;
				MTL_ENABLE_DEBUG_INFO = NO;
				SDKROOT = iphoneos;
				VALIDATE_PRODUCT = YES;
			};
			name = Release;
		};
		297DB3442003838000A4EBB9 /* Debug */ = {
			isa = XCBuildConfiguration;
			baseConfigurationReference = 1FD4E26E6749D1084A3E8DD3 /* Pods-ChieryBusiness1.debug.xcconfig */;
			buildSettings = {
				CLANG_ALLOW_NON_MODULAR_INCLUDES_IN_FRAMEWORK_MODULES = YES;
				CODE_SIGN_STYLE = Automatic;
				DEVELOPMENT_TEAM = MN863V35DU;
				OTHER_LDFLAGS = "-ObjC";
				PRODUCT_NAME = "$(TARGET_NAME)";
				SKIP_INSTALL = YES;
				TARGETED_DEVICE_FAMILY = "1,2";
			};
			name = Debug;
		};
		297DB3452003838000A4EBB9 /* Release */ = {
			isa = XCBuildConfiguration;
			baseConfigurationReference = 927CE17048997C77E63EEE56 /* Pods-ChieryBusiness1.release.xcconfig */;
			buildSettings = {
				CLANG_ALLOW_NON_MODULAR_INCLUDES_IN_FRAMEWORK_MODULES = YES;
				CODE_SIGN_STYLE = Automatic;
				DEVELOPMENT_TEAM = MN863V35DU;
				OTHER_LDFLAGS = "-ObjC";
				PRODUCT_NAME = "$(TARGET_NAME)";
				SKIP_INSTALL = YES;
				TARGETED_DEVICE_FAMILY = "1,2";
			};
			name = Release;
		};
		297DB3CF200470C500A4EBB9 /* Debug */ = {
			isa = XCBuildConfiguration;
			buildSettings = {
				ASSETCATALOG_COMPILER_APPICON_NAME = AppIcon;
				CODE_SIGN_STYLE = Automatic;
				DEVELOPMENT_TEAM = MN863V35DU;
				INFOPLIST_FILE = ChieryBusiness1App/Info.plist;
				IPHONEOS_DEPLOYMENT_TARGET = 9.0;
				LD_RUNPATH_SEARCH_PATHS = "$(inherited) @executable_path/Frameworks";
				PRODUCT_BUNDLE_IDENTIFIER = chiery.ChieryBusiness1App;
				PRODUCT_NAME = "$(TARGET_NAME)";
				TARGETED_DEVICE_FAMILY = "1,2";
			};
			name = Debug;
		};
		297DB3D0200470C500A4EBB9 /* Release */ = {
			isa = XCBuildConfiguration;
			buildSettings = {
				ASSETCATALOG_COMPILER_APPICON_NAME = AppIcon;
				CODE_SIGN_STYLE = Automatic;
				DEVELOPMENT_TEAM = MN863V35DU;
				INFOPLIST_FILE = ChieryBusiness1App/Info.plist;
				IPHONEOS_DEPLOYMENT_TARGET = 9.0;
				LD_RUNPATH_SEARCH_PATHS = "$(inherited) @executable_path/Frameworks";
				PRODUCT_BUNDLE_IDENTIFIER = chiery.ChieryBusiness1App;
				PRODUCT_NAME = "$(TARGET_NAME)";
				TARGETED_DEVICE_FAMILY = "1,2";
			};
			name = Release;
		};
/* End XCBuildConfiguration section */

/* Begin XCConfigurationList section */
		297DB3352003838000A4EBB9 /* Build configuration list for PBXProject "ChieryBusiness1" */ = {
			isa = XCConfigurationList;
			buildConfigurations = (
				297DB3412003838000A4EBB9 /* Debug */,
				297DB3422003838000A4EBB9 /* Release */,
			);
			defaultConfigurationIsVisible = 0;
			defaultConfigurationName = Release;
		};
		297DB3432003838000A4EBB9 /* Build configuration list for PBXNativeTarget "ChieryBusiness1" */ = {
			isa = XCConfigurationList;
			buildConfigurations = (
				297DB3442003838000A4EBB9 /* Debug */,
				297DB3452003838000A4EBB9 /* Release */,
			);
			defaultConfigurationIsVisible = 0;
			defaultConfigurationName = Release;
		};
		297DB3CE200470C500A4EBB9 /* Build configuration list for PBXNativeTarget "ChieryBusiness1App" */ = {
			isa = XCConfigurationList;
			buildConfigurations = (
				297DB3CF200470C500A4EBB9 /* Debug */,
				297DB3D0200470C500A4EBB9 /* Release */,
			);
			defaultConfigurationIsVisible = 0;
			defaultConfigurationName = Release;
		};
/* End XCConfigurationList section */
	};
	rootObject = 297DB3322003838000A4EBB9 /* Project object */;
}
