// !$*UTF8*$!
{
	archiveVersion = 1;
	classes = {
	};
	objectVersion = 48;
	objects = {

/* Begin PBXAggregateTarget section */
		C05E21BB2008A8AE00E173D7 /* ChieryBusiness1_Universal */ = {
			isa = PBXAggregateTarget;
			buildConfigurationList = C05E21BC2008A8AE00E173D7 /* Build configuration list for PBXAggregateTarget "ChieryBusiness1_Universal" */;
			buildPhases = (
				C05E21BF2008A8B200E173D7 /* ShellScript */,
			);
			dependencies = (
			);
			name = ChieryBusiness1_Universal;
			productName = ChieryBusiness1_Universal;
		};
/* End PBXAggregateTarget section */

/* Begin PBXBuildFile section */
		297DB3CA200470C500A4EBB9 /* LaunchScreen.storyboard in Resources */ = {isa = PBXBuildFile; fileRef = 297DB3C8200470C500A4EBB9 /* LaunchScreen.storyboard */; };
		297DB3CD200470C500A4EBB9 /* main.m in Sources */ = {isa = PBXBuildFile; fileRef = 297DB3CC200470C500A4EBB9 /* main.m */; };
		76F006956FAF44893E2040FA /* libPods-ChieryBusiness1_a.a in Frameworks */ = {isa = PBXBuildFile; fileRef = 321C69D20AB2599ED0D292B4 /* libPods-ChieryBusiness1_a.a */; };
		C05E21B52008A88200E173D7 /* ChieryBusiness1.h in CopyFiles */ = {isa = PBXBuildFile; fileRef = 297DB33D2003838000A4EBB9 /* ChieryBusiness1.h */; };
		C05E21B62008A88200E173D7 /* Business1JumpHandle.h in CopyFiles */ = {isa = PBXBuildFile; fileRef = 297DB3602003880F00A4EBB9 /* Business1JumpHandle.h */; };
		C05E21B92008A88700E173D7 /* ChieryBusiness1.m in Sources */ = {isa = PBXBuildFile; fileRef = 297DB33E2003838000A4EBB9 /* ChieryBusiness1.m */; };
		C05E21BA2008A88700E173D7 /* Business1JumpHandle.m in Sources */ = {isa = PBXBuildFile; fileRef = 297DB3612003880F00A4EBB9 /* Business1JumpHandle.m */; };
		C05E21C02008AA9200E173D7 /* libChieryBusiness1_a.a in Frameworks */ = {isa = PBXBuildFile; fileRef = C05E21AC2008A86B00E173D7 /* libChieryBusiness1_a.a */; };
		CE945565B123A71ED67270F2 /* libPods-ChieryBusiness1App.a in Frameworks */ = {isa = PBXBuildFile; fileRef = C64B82F32F0606B1B27AE8C5 /* libPods-ChieryBusiness1App.a */; };
/* End PBXBuildFile section */

/* Begin PBXCopyFilesBuildPhase section */
		C05E21AA2008A86B00E173D7 /* CopyFiles */ = {
			isa = PBXCopyFilesBuildPhase;
			buildActionMask = 2147483647;
			dstPath = "include/$(PRODUCT_NAME)";
			dstSubfolderSpec = 16;
			files = (
				C05E21B52008A88200E173D7 /* ChieryBusiness1.h in CopyFiles */,
				C05E21B62008A88200E173D7 /* Business1JumpHandle.h in CopyFiles */,
			);
			runOnlyForDeploymentPostprocessing = 0;
		};
/* End PBXCopyFilesBuildPhase section */

/* Begin PBXFileReference section */
		1FD4E26E6749D1084A3E8DD3 /* Pods-ChieryBusiness1.debug.xcconfig */ = {isa = PBXFileReference; includeInIndex = 1; lastKnownFileType = text.xcconfig; name = "Pods-ChieryBusiness1.debug.xcconfig"; path = "Pods/Target Support Files/Pods-ChieryBusiness1/Pods-ChieryBusiness1.debug.xcconfig"; sourceTree = "<group>"; };
		297DB33D2003838000A4EBB9 /* ChieryBusiness1.h */ = {isa = PBXFileReference; lastKnownFileType = sourcecode.c.h; path = ChieryBusiness1.h; sourceTree = "<group>"; };
		297DB33E2003838000A4EBB9 /* ChieryBusiness1.m */ = {isa = PBXFileReference; lastKnownFileType = sourcecode.c.objc; path = ChieryBusiness1.m; sourceTree = "<group>"; };
		297DB3602003880F00A4EBB9 /* Business1JumpHandle.h */ = {isa = PBXFileReference; lastKnownFileType = sourcecode.c.h; path = Business1JumpHandle.h; sourceTree = "<group>"; };
		297DB3612003880F00A4EBB9 /* Business1JumpHandle.m */ = {isa = PBXFileReference; lastKnownFileType = sourcecode.c.objc; path = Business1JumpHandle.m; sourceTree = "<group>"; };
		297DB3BB200470C500A4EBB9 /* ChieryBusiness1App.app */ = {isa = PBXFileReference; explicitFileType = wrapper.application; includeInIndex = 0; path = ChieryBusiness1App.app; sourceTree = BUILT_PRODUCTS_DIR; };
		297DB3C9200470C500A4EBB9 /* Base */ = {isa = PBXFileReference; lastKnownFileType = file.storyboard; name = Base; path = Base.lproj/LaunchScreen.storyboard; sourceTree = "<group>"; };
		297DB3CB200470C500A4EBB9 /* Info.plist */ = {isa = PBXFileReference; lastKnownFileType = text.plist.xml; path = Info.plist; sourceTree = "<group>"; };
		297DB3CC200470C500A4EBB9 /* main.m */ = {isa = PBXFileReference; lastKnownFileType = sourcecode.c.objc; path = main.m; sourceTree = "<group>"; };
		321C69D20AB2599ED0D292B4 /* libPods-ChieryBusiness1_a.a */ = {isa = PBXFileReference; explicitFileType = archive.ar; includeInIndex = 0; path = "libPods-ChieryBusiness1_a.a"; sourceTree = BUILT_PRODUCTS_DIR; };
		3CC772617A051FA9EB92BB6D /* Pods-ChieryBusiness1App.release.xcconfig */ = {isa = PBXFileReference; includeInIndex = 1; lastKnownFileType = text.xcconfig; name = "Pods-ChieryBusiness1App.release.xcconfig"; path = "Pods/Target Support Files/Pods-ChieryBusiness1App/Pods-ChieryBusiness1App.release.xcconfig"; sourceTree = "<group>"; };
		465ABF4C2E2D0EA43B984361 /* Pods-ChieryBusiness1_a.release.xcconfig */ = {isa = PBXFileReference; includeInIndex = 1; lastKnownFileType = text.xcconfig; name = "Pods-ChieryBusiness1_a.release.xcconfig"; path = "Pods/Target Support Files/Pods-ChieryBusiness1_a/Pods-ChieryBusiness1_a.release.xcconfig"; sourceTree = "<group>"; };
		4A1C33529658A9AB9FF115EC /* Pods-ChieryBusiness1_a.debug.xcconfig */ = {isa = PBXFileReference; includeInIndex = 1; lastKnownFileType = text.xcconfig; name = "Pods-ChieryBusiness1_a.debug.xcconfig"; path = "Pods/Target Support Files/Pods-ChieryBusiness1_a/Pods-ChieryBusiness1_a.debug.xcconfig"; sourceTree = "<group>"; };
		544D4A3019915E160BF3F83D /* libPods-ChieryBusiness1.a */ = {isa = PBXFileReference; explicitFileType = archive.ar; includeInIndex = 0; path = "libPods-ChieryBusiness1.a"; sourceTree = BUILT_PRODUCTS_DIR; };
		927CE17048997C77E63EEE56 /* Pods-ChieryBusiness1.release.xcconfig */ = {isa = PBXFileReference; includeInIndex = 1; lastKnownFileType = text.xcconfig; name = "Pods-ChieryBusiness1.release.xcconfig"; path = "Pods/Target Support Files/Pods-ChieryBusiness1/Pods-ChieryBusiness1.release.xcconfig"; sourceTree = "<group>"; };
		AEE40723756BAB7313975AD8 /* Pods-ChieryBusiness1App.debug.xcconfig */ = {isa = PBXFileReference; includeInIndex = 1; lastKnownFileType = text.xcconfig; name = "Pods-ChieryBusiness1App.debug.xcconfig"; path = "Pods/Target Support Files/Pods-ChieryBusiness1App/Pods-ChieryBusiness1App.debug.xcconfig"; sourceTree = "<group>"; };
		C05E21AC2008A86B00E173D7 /* libChieryBusiness1_a.a */ = {isa = PBXFileReference; explicitFileType = archive.ar; includeInIndex = 0; path = libChieryBusiness1_a.a; sourceTree = BUILT_PRODUCTS_DIR; };
		C64B82F32F0606B1B27AE8C5 /* libPods-ChieryBusiness1App.a */ = {isa = PBXFileReference; explicitFileType = archive.ar; includeInIndex = 0; path = "libPods-ChieryBusiness1App.a"; sourceTree = BUILT_PRODUCTS_DIR; };
/* End PBXFileReference section */

/* Begin PBXFrameworksBuildPhase section */
		297DB3B8200470C500A4EBB9 /* Frameworks */ = {
			isa = PBXFrameworksBuildPhase;
			buildActionMask = 2147483647;
			files = (
				C05E21C02008AA9200E173D7 /* libChieryBusiness1_a.a in Frameworks */,
				CE945565B123A71ED67270F2 /* libPods-ChieryBusiness1App.a in Frameworks */,
			);
			runOnlyForDeploymentPostprocessing = 0;
		};
		C05E21A92008A86B00E173D7 /* Frameworks */ = {
			isa = PBXFrameworksBuildPhase;
			buildActionMask = 2147483647;
			files = (
				76F006956FAF44893E2040FA /* libPods-ChieryBusiness1_a.a in Frameworks */,
			);
			runOnlyForDeploymentPostprocessing = 0;
		};
/* End PBXFrameworksBuildPhase section */

/* Begin PBXGroup section */
		297DB3312003838000A4EBB9 = {
			isa = PBXGroup;
			children = (
				297DB33C2003838000A4EBB9 /* ChieryBusiness1 */,
				297DB3BC200470C500A4EBB9 /* ChieryBusiness1App */,
				297DB33B2003838000A4EBB9 /* Products */,
				EFE701B60B0A3405882916EC /* Pods */,
				64D15F1F27AC91661CD9A364 /* Frameworks */,
			);
			sourceTree = "<group>";
		};
		297DB33B2003838000A4EBB9 /* Products */ = {
			isa = PBXGroup;
			children = (
				297DB3BB200470C500A4EBB9 /* ChieryBusiness1App.app */,
				C05E21AC2008A86B00E173D7 /* libChieryBusiness1_a.a */,
			);
			name = Products;
			sourceTree = "<group>";
		};
		297DB33C2003838000A4EBB9 /* ChieryBusiness1 */ = {
			isa = PBXGroup;
			children = (
				297DB33D2003838000A4EBB9 /* ChieryBusiness1.h */,
				297DB33E2003838000A4EBB9 /* ChieryBusiness1.m */,
				297DB3602003880F00A4EBB9 /* Business1JumpHandle.h */,
				297DB3612003880F00A4EBB9 /* Business1JumpHandle.m */,
			);
			path = ChieryBusiness1;
			sourceTree = "<group>";
		};
		297DB3BC200470C500A4EBB9 /* ChieryBusiness1App */ = {
			isa = PBXGroup;
			children = (
				297DB3C8200470C500A4EBB9 /* LaunchScreen.storyboard */,
				297DB3CB200470C500A4EBB9 /* Info.plist */,
				297DB3CC200470C500A4EBB9 /* main.m */,
			);
			path = ChieryBusiness1App;
			sourceTree = "<group>";
		};
		64D15F1F27AC91661CD9A364 /* Frameworks */ = {
			isa = PBXGroup;
			children = (
				544D4A3019915E160BF3F83D /* libPods-ChieryBusiness1.a */,
				C64B82F32F0606B1B27AE8C5 /* libPods-ChieryBusiness1App.a */,
				321C69D20AB2599ED0D292B4 /* libPods-ChieryBusiness1_a.a */,
			);
			name = Frameworks;
			sourceTree = "<group>";
		};
		EFE701B60B0A3405882916EC /* Pods */ = {
			isa = PBXGroup;
			children = (
				1FD4E26E6749D1084A3E8DD3 /* Pods-ChieryBusiness1.debug.xcconfig */,
				927CE17048997C77E63EEE56 /* Pods-ChieryBusiness1.release.xcconfig */,
				AEE40723756BAB7313975AD8 /* Pods-ChieryBusiness1App.debug.xcconfig */,
				3CC772617A051FA9EB92BB6D /* Pods-ChieryBusiness1App.release.xcconfig */,
				4A1C33529658A9AB9FF115EC /* Pods-ChieryBusiness1_a.debug.xcconfig */,
				465ABF4C2E2D0EA43B984361 /* Pods-ChieryBusiness1_a.release.xcconfig */,
			);
			name = Pods;
			sourceTree = "<group>";
		};
/* End PBXGroup section */

/* Begin PBXNativeTarget section */
		297DB3BA200470C500A4EBB9 /* ChieryBusiness1App */ = {
			isa = PBXNativeTarget;
			buildConfigurationList = 297DB3CE200470C500A4EBB9 /* Build configuration list for PBXNativeTarget "ChieryBusiness1App" */;
			buildPhases = (
				8841543FF46309106342AE8A /* [CP] Check Pods Manifest.lock */,
				297DB3B7200470C500A4EBB9 /* Sources */,
				297DB3B8200470C500A4EBB9 /* Frameworks */,
				297DB3B9200470C500A4EBB9 /* Resources */,
				6C6CB08227E6E2D46575162F /* [CP] Embed Pods Frameworks */,
				8C9E677A006D7B2BE8339AF3 /* [CP] Copy Pods Resources */,
			);
			buildRules = (
			);
			dependencies = (
			);
			name = ChieryBusiness1App;
			productName = ChieryBusiness1App;
			productReference = 297DB3BB200470C500A4EBB9 /* ChieryBusiness1App.app */;
			productType = "com.apple.product-type.application";
		};
		C05E21AB2008A86B00E173D7 /* ChieryBusiness1_a */ = {
			isa = PBXNativeTarget;
			buildConfigurationList = C05E21B22008A86B00E173D7 /* Build configuration list for PBXNativeTarget "ChieryBusiness1_a" */;
			buildPhases = (
				1C7370456A592E160C8586F0 /* [CP] Check Pods Manifest.lock */,
				C05E21A82008A86B00E173D7 /* Sources */,
				C05E21A92008A86B00E173D7 /* Frameworks */,
				C05E21AA2008A86B00E173D7 /* CopyFiles */,
				6B2CF678CAFA303AF6FBABBA /* [CP] Copy Pods Resources */,
			);
			buildRules = (
			);
			dependencies = (
			);
			name = ChieryBusiness1_a;
			productName = ChieryBusiness1_a;
			productReference = C05E21AC2008A86B00E173D7 /* libChieryBusiness1_a.a */;
			productType = "com.apple.product-type.library.static";
		};
/* End PBXNativeTarget section */

/* Begin PBXProject section */
		297DB3322003838000A4EBB9 /* Project object */ = {
			isa = PBXProject;
			attributes = {
				LastUpgradeCheck = 0920;
				ORGANIZATIONNAME = com.chiery.com;
				TargetAttributes = {
					297DB3BA200470C500A4EBB9 = {
						CreatedOnToolsVersion = 9.2;
						ProvisioningStyle = Automatic;
					};
					C05E21AB2008A86B00E173D7 = {
						CreatedOnToolsVersion = 9.2;
						ProvisioningStyle = Automatic;
					};
					C05E21BB2008A8AE00E173D7 = {
						CreatedOnToolsVersion = 9.2;
						ProvisioningStyle = Automatic;
					};
				};
			};
			buildConfigurationList = 297DB3352003838000A4EBB9 /* Build configuration list for PBXProject "ChieryBusiness1" */;
			compatibilityVersion = "Xcode 8.0";
			developmentRegion = en;
			hasScannedForEncodings = 0;
			knownRegions = (
				en,
				Base,
			);
			mainGroup = 297DB3312003838000A4EBB9;
			productRefGroup = 297DB33B2003838000A4EBB9 /* Products */;
			projectDirPath = "";
			projectRoot = "";
			targets = (
				297DB3BA200470C500A4EBB9 /* ChieryBusiness1App */,
				C05E21AB2008A86B00E173D7 /* ChieryBusiness1_a */,
				C05E21BB2008A8AE00E173D7 /* ChieryBusiness1_Universal */,
			);
		};
/* End PBXProject section */

/* Begin PBXResourcesBuildPhase section */
		297DB3B9200470C500A4EBB9 /* Resources */ = {
			isa = PBXResourcesBuildPhase;
			buildActionMask = 2147483647;
			files = (
				297DB3CA200470C500A4EBB9 /* LaunchScreen.storyboard in Resources */,
			);
			runOnlyForDeploymentPostprocessing = 0;
		};
/* End PBXResourcesBuildPhase section */

/* Begin PBXShellScriptBuildPhase section */
		1C7370456A592E160C8586F0 /* [CP] Check Pods Manifest.lock */ = {
			isa = PBXShellScriptBuildPhase;
			buildActionMask = 2147483647;
			files = (
			);
			inputPaths = (
				"${PODS_PODFILE_DIR_PATH}/Podfile.lock",
				"${PODS_ROOT}/Manifest.lock",
			);
			name = "[CP] Check Pods Manifest.lock";
			outputPaths = (
				"$(DERIVED_FILE_DIR)/Pods-ChieryBusiness1_a-checkManifestLockResult.txt",
			);
			runOnlyForDeploymentPostprocessing = 0;
			shellPath = /bin/sh;
			shellScript = "diff \"${PODS_PODFILE_DIR_PATH}/Podfile.lock\" \"${PODS_ROOT}/Manifest.lock\" > /dev/null\nif [ $? != 0 ] ; then\n    # print error to STDERR\n    echo \"error: The sandbox is not in sync with the Podfile.lock. Run 'pod install' or update your CocoaPods installation.\" >&2\n    exit 1\nfi\n# This output is used by Xcode 'outputs' to avoid re-running this script phase.\necho \"SUCCESS\" > \"${SCRIPT_OUTPUT_FILE_0}\"\n";
			showEnvVarsInLog = 0;
		};
		6B2CF678CAFA303AF6FBABBA /* [CP] Copy Pods Resources */ = {
			isa = PBXShellScriptBuildPhase;
			buildActionMask = 2147483647;
			files = (
			);
			inputPaths = (
				"${SRCROOT}/Pods/Target Support Files/Pods-ChieryBusiness1_a/Pods-ChieryBusiness1_a-resources.sh",
				"${PODS_ROOT}/ChieryJumpHandleLib/library/jumpMap.plist",
			);
			name = "[CP] Copy Pods Resources";
			outputPaths = (
				"${TARGET_BUILD_DIR}/${UNLOCALIZED_RESOURCES_FOLDER_PATH}",
			);
			runOnlyForDeploymentPostprocessing = 0;
			shellPath = /bin/sh;
			shellScript = "\"${SRCROOT}/Pods/Target Support Files/Pods-ChieryBusiness1_a/Pods-ChieryBusiness1_a-resources.sh\"\n";
			showEnvVarsInLog = 0;
		};
		6C6CB08227E6E2D46575162F /* [CP] Embed Pods Frameworks */ = {
			isa = PBXShellScriptBuildPhase;
			buildActionMask = 2147483647;
			files = (
			);
			inputPaths = (
			);
			name = "[CP] Embed Pods Frameworks";
			outputPaths = (
			);
			runOnlyForDeploymentPostprocessing = 0;
			shellPath = /bin/sh;
			shellScript = "\"${SRCROOT}/Pods/Target Support Files/Pods-ChieryBusiness1App/Pods-ChieryBusiness1App-frameworks.sh\"\n";
			showEnvVarsInLog = 0;
		};
		8841543FF46309106342AE8A /* [CP] Check Pods Manifest.lock */ = {
			isa = PBXShellScriptBuildPhase;
			buildActionMask = 2147483647;
			files = (
			);
			inputPaths = (
				"${PODS_PODFILE_DIR_PATH}/Podfile.lock",
				"${PODS_ROOT}/Manifest.lock",
			);
			name = "[CP] Check Pods Manifest.lock";
			outputPaths = (
				"$(DERIVED_FILE_DIR)/Pods-ChieryBusiness1App-checkManifestLockResult.txt",
			);
			runOnlyForDeploymentPostprocessing = 0;
			shellPath = /bin/sh;
			shellScript = "diff \"${PODS_PODFILE_DIR_PATH}/Podfile.lock\" \"${PODS_ROOT}/Manifest.lock\" > /dev/null\nif [ $? != 0 ] ; then\n    # print error to STDERR\n    echo \"error: The sandbox is not in sync with the Podfile.lock. Run 'pod install' or update your CocoaPods installation.\" >&2\n    exit 1\nfi\n# This output is used by Xcode 'outputs' to avoid re-running this script phase.\necho \"SUCCESS\" > \"${SCRIPT_OUTPUT_FILE_0}\"\n";
			showEnvVarsInLog = 0;
		};
		8C9E677A006D7B2BE8339AF3 /* [CP] Copy Pods Resources */ = {
			isa = PBXShellScriptBuildPhase;
			buildActionMask = 2147483647;
			files = (
			);
			inputPaths = (
				"${SRCROOT}/Pods/Target Support Files/Pods-ChieryBusiness1App/Pods-ChieryBusiness1App-resources.sh",
				"${PODS_ROOT}/ChieryJumpHandleLib/library/jumpMap.plist",
			);
			name = "[CP] Copy Pods Resources";
			outputPaths = (
				"${TARGET_BUILD_DIR}/${UNLOCALIZED_RESOURCES_FOLDER_PATH}",
			);
			runOnlyForDeploymentPostprocessing = 0;
			shellPath = /bin/sh;
			shellScript = "\"${SRCROOT}/Pods/Target Support Files/Pods-ChieryBusiness1App/Pods-ChieryBusiness1App-resources.sh\"\n";
			showEnvVarsInLog = 0;
		};
		C05E21BF2008A8B200E173D7 /* ShellScript */ = {
			isa = PBXShellScriptBuildPhase;
			buildActionMask = 2147483647;
			files = (
			);
			inputPaths = (
			);
			outputPaths = (
			);
			runOnlyForDeploymentPostprocessing = 0;
			shellPath = /bin/sh;
			shellScript = "TARGET_NAME=\"ChieryBusiness1_a\"\n// Step 1. clean\nrm -rf \"${BUILD_DIR}/${CONFIGURATION}-iphoneos\"\nrm -rf \"${BUILD_DIR}/${CONFIGURATION}-iphonesimulator\"\necho \"!!!Will remove folder ${OBJROOT}\"\nrm -rf \"${OBJROOT}\"\n# Step 2. Build Device and Simulator versions\nxcodebuild -workspace ChieryBusiness1.xcworkspace -scheme ${TARGET_NAME} ONLY_ACTIVE_ARCH=NO -configuration ${CONFIGURATION} -sdk iphoneos  BUILD_DIR=\"${BUILD_DIR}\" BUILD_ROOT=\"${BUILD_ROOT}\"\n// Step 3. check\nif [ ! -e \"${BUILD_DIR}/${CONFIGURATION}-iphoneos/lib${TARGET_NAME}.a\" ]\nthen\necho \"Build ${TARGET_NAME} for device arch failed\"\nexit -1\nfi\n\nxcodebuild -workspace ChieryBusiness1.xcworkspace -scheme ${TARGET_NAME} ONLY_ACTIVE_ARCH=NO -configuration ${CONFIGURATION} -sdk iphonesimulator BUILD_DIR=\"${BUILD_DIR}\" BUILD_ROOT=\"${BUILD_ROOT}\" -destination 'platform=iOS Simulator,name=iPhone 6s'\n\n// check\nif [ ! -e \"${BUILD_DIR}/${CONFIGURATION}-iphonesimulator/lib${TARGET_NAME}.a\" ]\nthen\necho \"Build ${TARGET_NAME} for iphonesimulator arch failed\"\nexit -1\nfi\n# Step 4. define output folder environment variable\nif [ -n \"$StaticLibrary\" ]; then\nUNIVERSAL_OUTPUTFOLDER=$StaticLibrary\nelse\nUNIVERSAL_OUTPUTFOLDER=${BUILD_DIR}/${CONFIGURATION}-universal\n# make sure the output directory exists\nmkdir -p \"${UNIVERSAL_OUTPUTFOLDER}\"\nfi\n\n# copy public headers\ncp -R \"${BUILD_DIR}/${CONFIGURATION}-iphoneos/include/${TARGET_NAME}/\" \"${UNIVERSAL_OUTPUTFOLDER}/\"\n\n# Step 5. Create universal binary file using lipo\nlipo -create -output \"${UNIVERSAL_OUTPUTFOLDER}/lib${TARGET_NAME}.a\" \"${BUILD_DIR}/${CONFIGURATION}-iphoneos/lib${TARGET_NAME}.a\" \"${BUILD_DIR}/${CONFIGURATION}-iphonesimulator/lib${TARGET_NAME}.a\"\n\necho \"end path\"\necho \"${UNIVERSAL_OUTPUTFOLDER}/lib${TARGET_NAME}.a\"";
		};
/* End PBXShellScriptBuildPhase section */

/* Begin PBXSourcesBuildPhase section */
		297DB3B7200470C500A4EBB9 /* Sources */ = {
			isa = PBXSourcesBuildPhase;
			buildActionMask = 2147483647;
			files = (
				297DB3CD200470C500A4EBB9 /* main.m in Sources */,
			);
			runOnlyForDeploymentPostprocessing = 0;
		};
		C05E21A82008A86B00E173D7 /* Sources */ = {
			isa = PBXSourcesBuildPhase;
			buildActionMask = 2147483647;
			files = (
				C05E21B92008A88700E173D7 /* ChieryBusiness1.m in Sources */,
				C05E21BA2008A88700E173D7 /* Business1JumpHandle.m in Sources */,
			);
			runOnlyForDeploymentPostprocessing = 0;
		};
/* End PBXSourcesBuildPhase section */

/* Begin PBXVariantGroup section */
		297DB3C8200470C500A4EBB9 /* LaunchScreen.storyboard */ = {
			isa = PBXVariantGroup;
			children = (
				297DB3C9200470C500A4EBB9 /* Base */,
			);
			name = LaunchScreen.storyboard;
			sourceTree = "<group>";
		};
/* End PBXVariantGroup section */

/* Begin XCBuildConfiguration section */
		297DB3412003838000A4EBB9 /* Debug */ = {
			isa = XCBuildConfiguration;
			buildSettings = {
				ALWAYS_SEARCH_USER_PATHS = NO;
				CLANG_ANALYZER_NONNULL = YES;
				CLANG_ANALYZER_NUMBER_OBJECT_CONVERSION = YES_AGGRESSIVE;
				CLANG_CXX_LANGUAGE_STANDARD = "gnu++14";
				CLANG_CXX_LIBRARY = "libc++";
				CLANG_ENABLE_MODULES = YES;
				CLANG_ENABLE_OBJC_ARC = YES;
				CLANG_WARN_BLOCK_CAPTURE_AUTORELEASING = YES;
				CLANG_WARN_BOOL_CONVERSION = YES;
				CLANG_WARN_COMMA = YES;
				CLANG_WARN_CONSTANT_CONVERSION = YES;
				CLANG_WARN_DIRECT_OBJC_ISA_USAGE = YES_ERROR;
				CLANG_WARN_DOCUMENTATION_COMMENTS = YES;
				CLANG_WARN_EMPTY_BODY = YES;
				CLANG_WARN_ENUM_CONVERSION = YES;
				CLANG_WARN_INFINITE_RECURSION = YES;
				CLANG_WARN_INT_CONVERSION = YES;
				CLANG_WARN_NON_LITERAL_NULL_CONVERSION = YES;
				CLANG_WARN_OBJC_LITERAL_CONVERSION = YES;
				CLANG_WARN_OBJC_ROOT_CLASS = YES_ERROR;
				CLANG_WARN_RANGE_LOOP_ANALYSIS = YES;
				CLANG_WARN_STRICT_PROTOTYPES = YES;
				CLANG_WARN_SUSPICIOUS_MOVE = YES;
				CLANG_WARN_UNGUARDED_AVAILABILITY = YES_AGGRESSIVE;
				CLANG_WARN_UNREACHABLE_CODE = YES;
				CLANG_WARN__DUPLICATE_METHOD_MATCH = YES;
				CODE_SIGN_IDENTITY = "iPhone Developer";
				COPY_PHASE_STRIP = NO;
				DEBUG_INFORMATION_FORMAT = dwarf;
				ENABLE_STRICT_OBJC_MSGSEND = YES;
				ENABLE_TESTABILITY = YES;
				GCC_C_LANGUAGE_STANDARD = gnu11;
				GCC_DYNAMIC_NO_PIC = NO;
				GCC_NO_COMMON_BLOCKS = YES;
				GCC_OPTIMIZATION_LEVEL = 0;
				GCC_PREPROCESSOR_DEFINITIONS = (
					"DEBUG=1",
					"$(inherited)",
				);
				GCC_WARN_64_TO_32_BIT_CONVERSION = YES;
				GCC_WARN_ABOUT_RETURN_TYPE = YES_ERROR;
				GCC_WARN_UNDECLARED_SELECTOR = YES;
				GCC_WARN_UNINITIALIZED_AUTOS = YES_AGGRESSIVE;
				GCC_WARN_UNUSED_FUNCTION = YES;
				GCC_WARN_UNUSED_VARIABLE = YES;
				IPHONEOS_DEPLOYMENT_TARGET = 8.0;
				MTL_ENABLE_DEBUG_INFO = YES;
				ONLY_ACTIVE_ARCH = YES;
				SDKROOT = iphoneos;
			};
			name = Debug;
		};
		297DB3422003838000A4EBB9 /* Release */ = {
			isa = XCBuildConfiguration;
			buildSettings = {
				ALWAYS_SEARCH_USER_PATHS = NO;
				CLANG_ANALYZER_NONNULL = YES;
				CLANG_ANALYZER_NUMBER_OBJECT_CONVERSION = YES_AGGRESSIVE;
				CLANG_CXX_LANGUAGE_STANDARD = "gnu++14";
				CLANG_CXX_LIBRARY = "libc++";
				CLANG_ENABLE_MODULES = YES;
				CLANG_ENABLE_OBJC_ARC = YES;
				CLANG_WARN_BLOCK_CAPTURE_AUTORELEASING = YES;
				CLANG_WARN_BOOL_CONVERSION = YES;
				CLANG_WARN_COMMA = YES;
				CLANG_WARN_CONSTANT_CONVERSION = YES;
				CLANG_WARN_DIRECT_OBJC_ISA_USAGE = YES_ERROR;
				CLANG_WARN_DOCUMENTATION_COMMENTS = YES;
				CLANG_WARN_EMPTY_BODY = YES;
				CLANG_WARN_ENUM_CONVERSION = YES;
				CLANG_WARN_INFINITE_RECURSION = YES;
				CLANG_WARN_INT_CONVERSION = YES;
				CLANG_WARN_NON_LITERAL_NULL_CONVERSION = YES;
				CLANG_WARN_OBJC_LITERAL_CONVERSION = YES;
				CLANG_WARN_OBJC_ROOT_CLASS = YES_ERROR;
				CLANG_WARN_RANGE_LOOP_ANALYSIS = YES;
				CLANG_WARN_STRICT_PROTOTYPES = YES;
				CLANG_WARN_SUSPICIOUS_MOVE = YES;
				CLANG_WARN_UNGUARDED_AVAILABILITY = YES_AGGRESSIVE;
				CLANG_WARN_UNREACHABLE_CODE = YES;
				CLANG_WARN__DUPLICATE_METHOD_MATCH = YES;
				CODE_SIGN_IDENTITY = "iPhone Developer";
				COPY_PHASE_STRIP = NO;
				DEBUG_INFORMATION_FORMAT = "dwarf-with-dsym";
				ENABLE_NS_ASSERTIONS = NO;
				ENABLE_STRICT_OBJC_MSGSEND = YES;
				GCC_C_LANGUAGE_STANDARD = gnu11;
				GCC_NO_COMMON_BLOCKS = YES;
				GCC_WARN_64_TO_32_BIT_CONVERSION = YES;
				GCC_WARN_ABOUT_RETURN_TYPE = YES_ERROR;
				GCC_WARN_UNDECLARED_SELECTOR = YES;
				GCC_WARN_UNINITIALIZED_AUTOS = YES_AGGRESSIVE;
				GCC_WARN_UNUSED_FUNCTION = YES;
				GCC_WARN_UNUSED_VARIABLE = YES;
				IPHONEOS_DEPLOYMENT_TARGET = 8.0;
				MTL_ENABLE_DEBUG_INFO = NO;
				SDKROOT = iphoneos;
				VALIDATE_PRODUCT = YES;
			};
			name = Release;
		};
		297DB3CF200470C500A4EBB9 /* Debug */ = {
			isa = XCBuildConfiguration;
			baseConfigurationReference = AEE40723756BAB7313975AD8 /* Pods-ChieryBusiness1App.debug.xcconfig */;
			buildSettings = {
				ASSETCATALOG_COMPILER_APPICON_NAME = AppIcon;
				CODE_SIGN_STYLE = Automatic;
				DEVELOPMENT_TEAM = MN863V35DU;
				INFOPLIST_FILE = ChieryBusiness1App/Info.plist;
				IPHONEOS_DEPLOYMENT_TARGET = 9.0;
				LD_RUNPATH_SEARCH_PATHS = "$(inherited) @executable_path/Frameworks";
				PRODUCT_BUNDLE_IDENTIFIER = chiery.ChieryBusiness1App;
				PRODUCT_NAME = "$(TARGET_NAME)";
				TARGETED_DEVICE_FAMILY = "1,2";
			};
			name = Debug;
		};
		297DB3D0200470C500A4EBB9 /* Release */ = {
			isa = XCBuildConfiguration;
			baseConfigurationReference = 3CC772617A051FA9EB92BB6D /* Pods-ChieryBusiness1App.release.xcconfig */;
			buildSettings = {
				ASSETCATALOG_COMPILER_APPICON_NAME = AppIcon;
				CODE_SIGN_STYLE = Automatic;
				DEVELOPMENT_TEAM = MN863V35DU;
				INFOPLIST_FILE = ChieryBusiness1App/Info.plist;
				IPHONEOS_DEPLOYMENT_TARGET = 9.0;
				LD_RUNPATH_SEARCH_PATHS = "$(inherited) @executable_path/Frameworks";
				PRODUCT_BUNDLE_IDENTIFIER = chiery.ChieryBusiness1App;
				PRODUCT_NAME = "$(TARGET_NAME)";
				TARGETED_DEVICE_FAMILY = "1,2";
			};
			name = Release;
		};
		C05E21B32008A86B00E173D7 /* Debug */ = {
			isa = XCBuildConfiguration;
			baseConfigurationReference = 4A1C33529658A9AB9FF115EC /* Pods-ChieryBusiness1_a.debug.xcconfig */;
			buildSettings = {
				CODE_SIGN_STYLE = Automatic;
				IPHONEOS_DEPLOYMENT_TARGET = 11.2;
				OTHER_LDFLAGS = "-ObjC";
				PRODUCT_NAME = "$(TARGET_NAME)";
				SKIP_INSTALL = YES;
				TARGETED_DEVICE_FAMILY = "1,2";
			};
			name = Debug;
		};
		C05E21B42008A86B00E173D7 /* Release */ = {
			isa = XCBuildConfiguration;
			baseConfigurationReference = 465ABF4C2E2D0EA43B984361 /* Pods-ChieryBusiness1_a.release.xcconfig */;
			buildSettings = {
				CODE_SIGN_STYLE = Automatic;
				IPHONEOS_DEPLOYMENT_TARGET = 11.2;
				OTHER_LDFLAGS = "-ObjC";
				PRODUCT_NAME = "$(TARGET_NAME)";
				SKIP_INSTALL = YES;
				TARGETED_DEVICE_FAMILY = "1,2";
			};
			name = Release;
		};
		C05E21BD2008A8AE00E173D7 /* Debug */ = {
			isa = XCBuildConfiguration;
			buildSettings = {
				CODE_SIGN_STYLE = Automatic;
				PRODUCT_NAME = "$(TARGET_NAME)";
			};
			name = Debug;
		};
		C05E21BE2008A8AE00E173D7 /* Release */ = {
			isa = XCBuildConfiguration;
			buildSettings = {
				CODE_SIGN_STYLE = Automatic;
				PRODUCT_NAME = "$(TARGET_NAME)";
			};
			name = Release;
		};
/* End XCBuildConfiguration section */

/* Begin XCConfigurationList section */
		297DB3352003838000A4EBB9 /* Build configuration list for PBXProject "ChieryBusiness1" */ = {
			isa = XCConfigurationList;
			buildConfigurations = (
				297DB3412003838000A4EBB9 /* Debug */,
				297DB3422003838000A4EBB9 /* Release */,
			);
			defaultConfigurationIsVisible = 0;
			defaultConfigurationName = Release;
		};
		297DB3CE200470C500A4EBB9 /* Build configuration list for PBXNativeTarget "ChieryBusiness1App" */ = {
			isa = XCConfigurationList;
			buildConfigurations = (
				297DB3CF200470C500A4EBB9 /* Debug */,
				297DB3D0200470C500A4EBB9 /* Release */,
			);
			defaultConfigurationIsVisible = 0;
			defaultConfigurationName = Release;
		};
		C05E21B22008A86B00E173D7 /* Build configuration list for PBXNativeTarget "ChieryBusiness1_a" */ = {
			isa = XCConfigurationList;
			buildConfigurations = (
				C05E21B32008A86B00E173D7 /* Debug */,
				C05E21B42008A86B00E173D7 /* Release */,
			);
			defaultConfigurationIsVisible = 0;
			defaultConfigurationName = Release;
		};
		C05E21BC2008A8AE00E173D7 /* Build configuration list for PBXAggregateTarget "ChieryBusiness1_Universal" */ = {
			isa = XCConfigurationList;
			buildConfigurations = (
				C05E21BD2008A8AE00E173D7 /* Debug */,
				C05E21BE2008A8AE00E173D7 /* Release */,
			);
			defaultConfigurationIsVisible = 0;
			defaultConfigurationName = Release;
		};
/* End XCConfigurationList section */
	};
	rootObject = 297DB3322003838000A4EBB9 /* Project object */;
}
